
Microsoft Visual Studio Solution File, Format Version 12.00
# Visual Studio Version 17
VisualStudioVersion = 17.11.35327.3
MinimumVisualStudioVersion = 10.0.40219.1
Project("{FAE04EC0-301F-11D3-BF4B-00C04F79EFBC}") = "Examen1", "Examen1\Examen1.csproj", "{0555AFF9-1BD3-4AE5-9CCF-B3E66B877A12}"
EndProject
Global
	GlobalSection(SolutionConfigurationPlatforms) = preSolution
		Debug|Any CPU = Debug|Any CPU
		Release|Any CPU = Release|Any CPU
	EndGlobalSection
	GlobalSection(ProjectConfigurationPlatforms) = postSolution
		{0555AFF9-1BD3-4AE5-9CCF-B3E66B877A12}.Debug|Any CPU.ActiveCfg = Debug|Any CPU
		{0555AFF9-1BD3-4AE5-9CCF-B3E66B877A12}.Debug|Any CPU.Build.0 = Debug|Any CPU
		{0555AFF9-1BD3-4AE5-9CCF-B3E66B877A12}.Release|Any CPU.ActiveCfg = Release|Any CPU
		{0555AFF9-1BD3-4AE5-9CCF-B3E66B877A12}.Release|Any CPU.Build.0 = Release|Any CPU
	EndGlobalSection
	GlobalSection(SolutionProperties) = preSolution
		HideSolutionNode = FALSE
	EndGlobalSection
	GlobalSection(ExtensibilityGlobals) = postSolution
		SolutionGuid = {A732CD82-3B7C-4D0D-87EB-ED39B1168B41}
	EndGlobalSection
EndGlobal
